
Microsoft Visual Studio Solution File, Format Version 12.00
# Visual Studio Version 16
VisualStudioVersion = 16.0.30204.135
MinimumVisualStudioVersion = 10.0.40219.1
Project("{FAE04EC0-301F-11D3-BF4B-00C04F79EFBC}") = "Sshhh.Web", "Sshhh.Web\Sshhh.Web.csproj", "{8EE9080E-6E28-4E19-961E-1FA9EDFCFA60}"
EndProject
Global
	GlobalSection(SolutionConfigurationPlatforms) = preSolution
		Debug|Any CPU = Debug|Any CPU
		Release|Any CPU = Release|Any CPU
	EndGlobalSection
	GlobalSection(ProjectConfigurationPlatforms) = postSolution
		{8EE9080E-6E28-4E19-961E-1FA9EDFCFA60}.Debug|Any CPU.ActiveCfg = Debug|Any CPU
		{8EE9080E-6E28-4E19-961E-1FA9EDFCFA60}.Debug|Any CPU.Build.0 = Debug|Any CPU
		{8EE9080E-6E28-4E19-961E-1FA9EDFCFA60}.Release|Any CPU.ActiveCfg = Release|Any CPU
		{8EE9080E-6E28-4E19-961E-1FA9EDFCFA60}.Release|Any CPU.Build.0 = Release|Any CPU
	EndGlobalSection
	GlobalSection(SolutionProperties) = preSolution
		HideSolutionNode = FALSE
	EndGlobalSection
	GlobalSection(ExtensibilityGlobals) = postSolution
		SolutionGuid = {69973147-C92F-4163-95F1-58009A3A9FDC}
	EndGlobalSection
EndGlobal
